
Microsoft Visual Studio Solution File, Format Version 12.00
# Visual Studio 14
VisualStudioVersion = 14.0.25420.1
MinimumVisualStudioVersion = 10.0.40219.1
Project("{2150E333-8FDC-42A3-9474-1A3956D46DE8}") = "Config", "Config", "{36168D41-4A19-45AE-B4E1-D87AD9B73878}"
	ProjectSection(SolutionItems) = preProject
		Business\Config\Web.config = Business\Config\Web.config
	EndProjectSection
EndProject
Project("{2150E333-8FDC-42A3-9474-1A3956D46DE8}") = "Base", "Base", "{1AB00198-A150-4AED-967A-2882B5320D08}"
EndProject
Project("{2150E333-8FDC-42A3-9474-1A3956D46DE8}") = "Business", "Business", "{5051DC94-5D46-4CBA-AC86-0E0C39D963B2}"
EndProject
Project("{FAE04EC0-301F-11D3-BF4B-00C04F79EFBC}") = "Config.Logic", "Business\Config\Config.Logic\Config.Logic.csproj", "{822F8B67-DFAA-47D1-9939-FC95014925A4}"
EndProject
Project("{FAE04EC0-301F-11D3-BF4B-00C04F79EFBC}") = "Formula", "Base\Formula\Formula.csproj", "{4F19C14A-5D4D-447C-862E-B4B9608DBE8F}"
EndProject
Project("{FAE04EC0-301F-11D3-BF4B-00C04F79EFBC}") = "MvcAdapter", "Base\MvcAdapter\MvcAdapter.csproj", "{B2B29C1D-D397-49D0-A4A7-E9D6B785D6E6}"
EndProject
Project("{FAE04EC0-301F-11D3-BF4B-00C04F79EFBC}") = "Portal", "Business\Portal\Portal.csproj", "{E2AC205B-59F3-4AE5-9827-2C07A483A327}"
EndProject
Project("{FAE04EC0-301F-11D3-BF4B-00C04F79EFBC}") = "Base", "Business\Base\Base.csproj", "{7999354B-90F9-40EB-8CC5-2E1758A200DF}"
EndProject
Project("{FAE04EC0-301F-11D3-BF4B-00C04F79EFBC}") = "Base.Logic", "Business\Base.Logic\Base.Logic.csproj", "{EC8BB43B-4F2B-4E79-9BE7-5521D4A86F62}"
EndProject
Project("{FAE04EC0-301F-11D3-BF4B-00C04F79EFBC}") = "MvcConfig", "Business\Config\MvcConfig\MvcConfig.csproj", "{95B2F83E-886D-43B2-A250-DBD783C4762B}"
EndProject
Project("{FAE04EC0-301F-11D3-BF4B-00C04F79EFBC}") = "WeChat", "Business\WeChat\WeChat.csproj", "{8C4886CE-0A10-468E-99B9-792B22266150}"
EndProject
Project("{FAE04EC0-301F-11D3-BF4B-00C04F79EFBC}") = "WeChat.Logic", "Business\WeChat.Logic\WeChat.Logic.csproj", "{AF0AF732-A583-48F7-A64A-0EB1FA31E5F8}"
EndProject
Project("{FAE04EC0-301F-11D3-BF4B-00C04F79EFBC}") = "Senparc.Weixin", "Base\Senparc.Weixin\Senparc.Weixin.csproj", "{814092CD-9CD0-4FB7-91E8-D147F476F1FB}"
EndProject
Project("{FAE04EC0-301F-11D3-BF4B-00C04F79EFBC}") = "Senparc.Weixin.MP", "Base\Senparc.Weixin.MP\Senparc.Weixin.MP.csproj", "{1D815FBF-451C-4E23-939C-CB80172F445C}"
EndProject
Project("{FAE04EC0-301F-11D3-BF4B-00C04F79EFBC}") = "FileStore.Logic", "Base\FileStore.Logic\FileStore.Logic.csproj", "{566C4265-E839-4583-963D-E0CDBEF291F3}"
EndProject
Project("{FAE04EC0-301F-11D3-BF4B-00C04F79EFBC}") = "FileStore", "Base\FileStore\FileStore.csproj", "{B66F41DE-4D58-4609-87B2-A5C27FA8C9D5}"
EndProject
Project("{FAE04EC0-301F-11D3-BF4B-00C04F79EFBC}") = "CommonWebResource", "Base\CommonWebResource\CommonWebResource.csproj", "{42D710E0-D779-41A0-A8D1-70BE32D7CA55}"
EndProject
Project("{FAE04EC0-301F-11D3-BF4B-00C04F79EFBC}") = "WeChatService", "Business\WeChatService\WeChatService.csproj", "{3C7844F0-ABCA-46B1-98E9-7383F0745AA4}"
EndProject
Project("{FAE04EC0-301F-11D3-BF4B-00C04F79EFBC}") = "Senparc.Weixin.MP.MvcExtension", "Base\Senparc.Weixin.MP.MvcExtension\Senparc.Weixin.MP.MvcExtension.csproj", "{EE8630BC-6191-4C40-9061-12C76342562D}"
EndProject
Project("{FAE04EC0-301F-11D3-BF4B-00C04F79EFBC}") = "WeChatTask", "Business\WeChatTask\WeChatTask.csproj", "{BEC489C6-C89C-4507-86DA-699FBF4DF484}"
EndProject
Project("{2150E333-8FDC-42A3-9474-1A3956D46DE8}") = "ProductionConfig", "ProductionConfig", "{5774C7B1-0327-45F8-8D06-B80680AA80B9}"
	ProjectSection(SolutionItems) = preProject
		Business\Config\ProductionConfig\Web.config = Business\Config\ProductionConfig\Web.config
	EndProjectSection
EndProject
Global
	GlobalSection(SolutionConfigurationPlatforms) = preSolution
		Debug|Any CPU = Debug|Any CPU
		Debug|Mixed Platforms = Debug|Mixed Platforms
		Debug|x86 = Debug|x86
		Release|Any CPU = Release|Any CPU
		Release|Mixed Platforms = Release|Mixed Platforms
		Release|x86 = Release|x86
		Test|Any CPU = Test|Any CPU
		Test|Mixed Platforms = Test|Mixed Platforms
		Test|x86 = Test|x86
	EndGlobalSection
	GlobalSection(ProjectConfigurationPlatforms) = postSolution
		{822F8B67-DFAA-47D1-9939-FC95014925A4}.Debug|Any CPU.ActiveCfg = Debug|Any CPU
		{822F8B67-DFAA-47D1-9939-FC95014925A4}.Debug|Any CPU.Build.0 = Debug|Any CPU
		{822F8B67-DFAA-47D1-9939-FC95014925A4}.Debug|Mixed Platforms.ActiveCfg = Debug|Any CPU
		{822F8B67-DFAA-47D1-9939-FC95014925A4}.Debug|Mixed Platforms.Build.0 = Debug|Any CPU
		{822F8B67-DFAA-47D1-9939-FC95014925A4}.Debug|x86.ActiveCfg = Debug|Any CPU
		{822F8B67-DFAA-47D1-9939-FC95014925A4}.Release|Any CPU.ActiveCfg = Release|Any CPU
		{822F8B67-DFAA-47D1-9939-FC95014925A4}.Release|Any CPU.Build.0 = Release|Any CPU
		{822F8B67-DFAA-47D1-9939-FC95014925A4}.Release|Mixed Platforms.ActiveCfg = Release|Any CPU
		{822F8B67-DFAA-47D1-9939-FC95014925A4}.Release|Mixed Platforms.Build.0 = Release|Any CPU
		{822F8B67-DFAA-47D1-9939-FC95014925A4}.Release|x86.ActiveCfg = Release|Any CPU
		{822F8B67-DFAA-47D1-9939-FC95014925A4}.Test|Any CPU.ActiveCfg = Release|Any CPU
		{822F8B67-DFAA-47D1-9939-FC95014925A4}.Test|Any CPU.Build.0 = Release|Any CPU
		{822F8B67-DFAA-47D1-9939-FC95014925A4}.Test|Mixed Platforms.ActiveCfg = Release|Any CPU
		{822F8B67-DFAA-47D1-9939-FC95014925A4}.Test|Mixed Platforms.Build.0 = Release|Any CPU
		{822F8B67-DFAA-47D1-9939-FC95014925A4}.Test|x86.ActiveCfg = Release|Any CPU
		{4F19C14A-5D4D-447C-862E-B4B9608DBE8F}.Debug|Any CPU.ActiveCfg = Debug|Any CPU
		{4F19C14A-5D4D-447C-862E-B4B9608DBE8F}.Debug|Any CPU.Build.0 = Debug|Any CPU
		{4F19C14A-5D4D-447C-862E-B4B9608DBE8F}.Debug|Mixed Platforms.ActiveCfg = Debug|Any CPU
		{4F19C14A-5D4D-447C-862E-B4B9608DBE8F}.Debug|Mixed Platforms.Build.0 = Debug|Any CPU
		{4F19C14A-5D4D-447C-862E-B4B9608DBE8F}.Debug|x86.ActiveCfg = Debug|Any CPU
		{4F19C14A-5D4D-447C-862E-B4B9608DBE8F}.Release|Any CPU.ActiveCfg = Release|Any CPU
		{4F19C14A-5D4D-447C-862E-B4B9608DBE8F}.Release|Any CPU.Build.0 = Release|Any CPU
		{4F19C14A-5D4D-447C-862E-B4B9608DBE8F}.Release|Mixed Platforms.ActiveCfg = Release|Any CPU
		{4F19C14A-5D4D-447C-862E-B4B9608DBE8F}.Release|Mixed Platforms.Build.0 = Release|Any CPU
		{4F19C14A-5D4D-447C-862E-B4B9608DBE8F}.Release|x86.ActiveCfg = Release|Any CPU
		{4F19C14A-5D4D-447C-862E-B4B9608DBE8F}.Test|Any CPU.ActiveCfg = Release|Any CPU
		{4F19C14A-5D4D-447C-862E-B4B9608DBE8F}.Test|Any CPU.Build.0 = Release|Any CPU
		{4F19C14A-5D4D-447C-862E-B4B9608DBE8F}.Test|Mixed Platforms.ActiveCfg = Release|Any CPU
		{4F19C14A-5D4D-447C-862E-B4B9608DBE8F}.Test|Mixed Platforms.Build.0 = Release|Any CPU
		{4F19C14A-5D4D-447C-862E-B4B9608DBE8F}.Test|x86.ActiveCfg = Release|Any CPU
		{B2B29C1D-D397-49D0-A4A7-E9D6B785D6E6}.Debug|Any CPU.ActiveCfg = Debug|Any CPU
		{B2B29C1D-D397-49D0-A4A7-E9D6B785D6E6}.Debug|Any CPU.Build.0 = Debug|Any CPU
		{B2B29C1D-D397-49D0-A4A7-E9D6B785D6E6}.Debug|Mixed Platforms.ActiveCfg = Debug|Any CPU
		{B2B29C1D-D397-49D0-A4A7-E9D6B785D6E6}.Debug|Mixed Platforms.Build.0 = Debug|Any CPU
		{B2B29C1D-D397-49D0-A4A7-E9D6B785D6E6}.Debug|x86.ActiveCfg = Debug|Any CPU
		{B2B29C1D-D397-49D0-A4A7-E9D6B785D6E6}.Release|Any CPU.ActiveCfg = Release|Any CPU
		{B2B29C1D-D397-49D0-A4A7-E9D6B785D6E6}.Release|Any CPU.Build.0 = Release|Any CPU
		{B2B29C1D-D397-49D0-A4A7-E9D6B785D6E6}.Release|Mixed Platforms.ActiveCfg = Release|Any CPU
		{B2B29C1D-D397-49D0-A4A7-E9D6B785D6E6}.Release|Mixed Platforms.Build.0 = Release|Any CPU
		{B2B29C1D-D397-49D0-A4A7-E9D6B785D6E6}.Release|x86.ActiveCfg = Release|Any CPU
		{B2B29C1D-D397-49D0-A4A7-E9D6B785D6E6}.Test|Any CPU.ActiveCfg = Release|Any CPU
		{B2B29C1D-D397-49D0-A4A7-E9D6B785D6E6}.Test|Any CPU.Build.0 = Release|Any CPU
		{B2B29C1D-D397-49D0-A4A7-E9D6B785D6E6}.Test|Mixed Platforms.ActiveCfg = Release|Any CPU
		{B2B29C1D-D397-49D0-A4A7-E9D6B785D6E6}.Test|Mixed Platforms.Build.0 = Release|Any CPU
		{B2B29C1D-D397-49D0-A4A7-E9D6B785D6E6}.Test|x86.ActiveCfg = Release|Any CPU
		{E2AC205B-59F3-4AE5-9827-2C07A483A327}.Debug|Any CPU.ActiveCfg = Debug|Any CPU
		{E2AC205B-59F3-4AE5-9827-2C07A483A327}.Debug|Any CPU.Build.0 = Debug|Any CPU
		{E2AC205B-59F3-4AE5-9827-2C07A483A327}.Debug|Mixed Platforms.ActiveCfg = Debug|Any CPU
		{E2AC205B-59F3-4AE5-9827-2C07A483A327}.Debug|Mixed Platforms.Build.0 = Debug|Any CPU
		{E2AC205B-59F3-4AE5-9827-2C07A483A327}.Debug|x86.ActiveCfg = Debug|Any CPU
		{E2AC205B-59F3-4AE5-9827-2C07A483A327}.Release|Any CPU.ActiveCfg = Release|Any CPU
		{E2AC205B-59F3-4AE5-9827-2C07A483A327}.Release|Any CPU.Build.0 = Release|Any CPU
		{E2AC205B-59F3-4AE5-9827-2C07A483A327}.Release|Mixed Platforms.ActiveCfg = Release|Any CPU
		{E2AC205B-59F3-4AE5-9827-2C07A483A327}.Release|Mixed Platforms.Build.0 = Release|Any CPU
		{E2AC205B-59F3-4AE5-9827-2C07A483A327}.Release|x86.ActiveCfg = Release|Any CPU
		{E2AC205B-59F3-4AE5-9827-2C07A483A327}.Test|Any CPU.ActiveCfg = Release|Any CPU
		{E2AC205B-59F3-4AE5-9827-2C07A483A327}.Test|Any CPU.Build.0 = Release|Any CPU
		{E2AC205B-59F3-4AE5-9827-2C07A483A327}.Test|Mixed Platforms.ActiveCfg = Release|Any CPU
		{E2AC205B-59F3-4AE5-9827-2C07A483A327}.Test|Mixed Platforms.Build.0 = Release|Any CPU
		{E2AC205B-59F3-4AE5-9827-2C07A483A327}.Test|x86.ActiveCfg = Release|Any CPU
		{7999354B-90F9-40EB-8CC5-2E1758A200DF}.Debug|Any CPU.ActiveCfg = Debug|Any CPU
		{7999354B-90F9-40EB-8CC5-2E1758A200DF}.Debug|Any CPU.Build.0 = Debug|Any CPU
		{7999354B-90F9-40EB-8CC5-2E1758A200DF}.Debug|Mixed Platforms.ActiveCfg = Debug|Any CPU
		{7999354B-90F9-40EB-8CC5-2E1758A200DF}.Debug|Mixed Platforms.Build.0 = Debug|Any CPU
		{7999354B-90F9-40EB-8CC5-2E1758A200DF}.Debug|x86.ActiveCfg = Debug|Any CPU
		{7999354B-90F9-40EB-8CC5-2E1758A200DF}.Release|Any CPU.ActiveCfg = Release|Any CPU
		{7999354B-90F9-40EB-8CC5-2E1758A200DF}.Release|Any CPU.Build.0 = Release|Any CPU
		{7999354B-90F9-40EB-8CC5-2E1758A200DF}.Release|Mixed Platforms.ActiveCfg = Release|Any CPU
		{7999354B-90F9-40EB-8CC5-2E1758A200DF}.Release|Mixed Platforms.Build.0 = Release|Any CPU
		{7999354B-90F9-40EB-8CC5-2E1758A200DF}.Release|x86.ActiveCfg = Release|Any CPU
		{7999354B-90F9-40EB-8CC5-2E1758A200DF}.Test|Any CPU.ActiveCfg = Release|Any CPU
		{7999354B-90F9-40EB-8CC5-2E1758A200DF}.Test|Any CPU.Build.0 = Release|Any CPU
		{7999354B-90F9-40EB-8CC5-2E1758A200DF}.Test|Mixed Platforms.ActiveCfg = Release|Any CPU
		{7999354B-90F9-40EB-8CC5-2E1758A200DF}.Test|Mixed Platforms.Build.0 = Release|Any CPU
		{7999354B-90F9-40EB-8CC5-2E1758A200DF}.Test|x86.ActiveCfg = Release|Any CPU
		{EC8BB43B-4F2B-4E79-9BE7-5521D4A86F62}.Debug|Any CPU.ActiveCfg = Debug|Any CPU
		{EC8BB43B-4F2B-4E79-9BE7-5521D4A86F62}.Debug|Any CPU.Build.0 = Debug|Any CPU
		{EC8BB43B-4F2B-4E79-9BE7-5521D4A86F62}.Debug|Mixed Platforms.ActiveCfg = Debug|Any CPU
		{EC8BB43B-4F2B-4E79-9BE7-5521D4A86F62}.Debug|Mixed Platforms.Build.0 = Debug|Any CPU
		{EC8BB43B-4F2B-4E79-9BE7-5521D4A86F62}.Debug|x86.ActiveCfg = Debug|Any CPU
		{EC8BB43B-4F2B-4E79-9BE7-5521D4A86F62}.Release|Any CPU.ActiveCfg = Release|Any CPU
		{EC8BB43B-4F2B-4E79-9BE7-5521D4A86F62}.Release|Any CPU.Build.0 = Release|Any CPU
		{EC8BB43B-4F2B-4E79-9BE7-5521D4A86F62}.Release|Mixed Platforms.ActiveCfg = Release|Any CPU
		{EC8BB43B-4F2B-4E79-9BE7-5521D4A86F62}.Release|Mixed Platforms.Build.0 = Release|Any CPU
		{EC8BB43B-4F2B-4E79-9BE7-5521D4A86F62}.Release|x86.ActiveCfg = Release|Any CPU
		{EC8BB43B-4F2B-4E79-9BE7-5521D4A86F62}.Test|Any CPU.ActiveCfg = Release|Any CPU
		{EC8BB43B-4F2B-4E79-9BE7-5521D4A86F62}.Test|Any CPU.Build.0 = Release|Any CPU
		{EC8BB43B-4F2B-4E79-9BE7-5521D4A86F62}.Test|Mixed Platforms.ActiveCfg = Release|Any CPU
		{EC8BB43B-4F2B-4E79-9BE7-5521D4A86F62}.Test|Mixed Platforms.Build.0 = Release|Any CPU
		{EC8BB43B-4F2B-4E79-9BE7-5521D4A86F62}.Test|x86.ActiveCfg = Release|Any CPU
		{95B2F83E-886D-43B2-A250-DBD783C4762B}.Debug|Any CPU.ActiveCfg = Debug|Any CPU
		{95B2F83E-886D-43B2-A250-DBD783C4762B}.Debug|Any CPU.Build.0 = Debug|Any CPU
		{95B2F83E-886D-43B2-A250-DBD783C4762B}.Debug|Mixed Platforms.ActiveCfg = Debug|Any CPU
		{95B2F83E-886D-43B2-A250-DBD783C4762B}.Debug|Mixed Platforms.Build.0 = Debug|Any CPU
		{95B2F83E-886D-43B2-A250-DBD783C4762B}.Debug|x86.ActiveCfg = Debug|Any CPU
		{95B2F83E-886D-43B2-A250-DBD783C4762B}.Release|Any CPU.ActiveCfg = Release|Any CPU
		{95B2F83E-886D-43B2-A250-DBD783C4762B}.Release|Any CPU.Build.0 = Release|Any CPU
		{95B2F83E-886D-43B2-A250-DBD783C4762B}.Release|Mixed Platforms.ActiveCfg = Release|Any CPU
		{95B2F83E-886D-43B2-A250-DBD783C4762B}.Release|Mixed Platforms.Build.0 = Release|Any CPU
		{95B2F83E-886D-43B2-A250-DBD783C4762B}.Release|x86.ActiveCfg = Release|Any CPU
		{95B2F83E-886D-43B2-A250-DBD783C4762B}.Test|Any CPU.ActiveCfg = Release|Any CPU
		{95B2F83E-886D-43B2-A250-DBD783C4762B}.Test|Any CPU.Build.0 = Release|Any CPU
		{95B2F83E-886D-43B2-A250-DBD783C4762B}.Test|Mixed Platforms.ActiveCfg = Release|Any CPU
		{95B2F83E-886D-43B2-A250-DBD783C4762B}.Test|Mixed Platforms.Build.0 = Release|Any CPU
		{95B2F83E-886D-43B2-A250-DBD783C4762B}.Test|x86.ActiveCfg = Release|Any CPU
		{8C4886CE-0A10-468E-99B9-792B22266150}.Debug|Any CPU.ActiveCfg = Debug|Any CPU
		{8C4886CE-0A10-468E-99B9-792B22266150}.Debug|Any CPU.Build.0 = Debug|Any CPU
		{8C4886CE-0A10-468E-99B9-792B22266150}.Debug|Mixed Platforms.ActiveCfg = Debug|Any CPU
		{8C4886CE-0A10-468E-99B9-792B22266150}.Debug|Mixed Platforms.Build.0 = Debug|Any CPU
		{8C4886CE-0A10-468E-99B9-792B22266150}.Debug|x86.ActiveCfg = Debug|Any CPU
		{8C4886CE-0A10-468E-99B9-792B22266150}.Release|Any CPU.ActiveCfg = Release|Any CPU
		{8C4886CE-0A10-468E-99B9-792B22266150}.Release|Any CPU.Build.0 = Release|Any CPU
		{8C4886CE-0A10-468E-99B9-792B22266150}.Release|Mixed Platforms.ActiveCfg = Release|Any CPU
		{8C4886CE-0A10-468E-99B9-792B22266150}.Release|Mixed Platforms.Build.0 = Release|Any CPU
		{8C4886CE-0A10-468E-99B9-792B22266150}.Release|x86.ActiveCfg = Release|Any CPU
		{8C4886CE-0A10-468E-99B9-792B22266150}.Test|Any CPU.ActiveCfg = Release|Any CPU
		{8C4886CE-0A10-468E-99B9-792B22266150}.Test|Any CPU.Build.0 = Release|Any CPU
		{8C4886CE-0A10-468E-99B9-792B22266150}.Test|Mixed Platforms.ActiveCfg = Release|Any CPU
		{8C4886CE-0A10-468E-99B9-792B22266150}.Test|Mixed Platforms.Build.0 = Release|Any CPU
		{8C4886CE-0A10-468E-99B9-792B22266150}.Test|x86.ActiveCfg = Release|Any CPU
		{AF0AF732-A583-48F7-A64A-0EB1FA31E5F8}.Debug|Any CPU.ActiveCfg = Debug|Any CPU
		{AF0AF732-A583-48F7-A64A-0EB1FA31E5F8}.Debug|Any CPU.Build.0 = Debug|Any CPU
		{AF0AF732-A583-48F7-A64A-0EB1FA31E5F8}.Debug|Mixed Platforms.ActiveCfg = Debug|Any CPU
		{AF0AF732-A583-48F7-A64A-0EB1FA31E5F8}.Debug|Mixed Platforms.Build.0 = Debug|Any CPU
		{AF0AF732-A583-48F7-A64A-0EB1FA31E5F8}.Debug|x86.ActiveCfg = Debug|Any CPU
		{AF0AF732-A583-48F7-A64A-0EB1FA31E5F8}.Release|Any CPU.ActiveCfg = Release|Any CPU
		{AF0AF732-A583-48F7-A64A-0EB1FA31E5F8}.Release|Any CPU.Build.0 = Release|Any CPU
		{AF0AF732-A583-48F7-A64A-0EB1FA31E5F8}.Release|Mixed Platforms.ActiveCfg = Release|Any CPU
		{AF0AF732-A583-48F7-A64A-0EB1FA31E5F8}.Release|Mixed Platforms.Build.0 = Release|Any CPU
		{AF0AF732-A583-48F7-A64A-0EB1FA31E5F8}.Release|x86.ActiveCfg = Release|Any CPU
		{AF0AF732-A583-48F7-A64A-0EB1FA31E5F8}.Test|Any CPU.ActiveCfg = Release|Any CPU
		{AF0AF732-A583-48F7-A64A-0EB1FA31E5F8}.Test|Any CPU.Build.0 = Release|Any CPU
		{AF0AF732-A583-48F7-A64A-0EB1FA31E5F8}.Test|Mixed Platforms.ActiveCfg = Release|Any CPU
		{AF0AF732-A583-48F7-A64A-0EB1FA31E5F8}.Test|Mixed Platforms.Build.0 = Release|Any CPU
		{AF0AF732-A583-48F7-A64A-0EB1FA31E5F8}.Test|x86.ActiveCfg = Release|Any CPU
		{814092CD-9CD0-4FB7-91E8-D147F476F1FB}.Debug|Any CPU.ActiveCfg = Debug|Any CPU
		{814092CD-9CD0-4FB7-91E8-D147F476F1FB}.Debug|Any CPU.Build.0 = Debug|Any CPU
		{814092CD-9CD0-4FB7-91E8-D147F476F1FB}.Debug|Mixed Platforms.ActiveCfg = Debug|Any CPU
		{814092CD-9CD0-4FB7-91E8-D147F476F1FB}.Debug|Mixed Platforms.Build.0 = Debug|Any CPU
		{814092CD-9CD0-4FB7-91E8-D147F476F1FB}.Debug|x86.ActiveCfg = Debug|Any CPU
		{814092CD-9CD0-4FB7-91E8-D147F476F1FB}.Release|Any CPU.ActiveCfg = Release|Any CPU
		{814092CD-9CD0-4FB7-91E8-D147F476F1FB}.Release|Any CPU.Build.0 = Release|Any CPU
		{814092CD-9CD0-4FB7-91E8-D147F476F1FB}.Release|Mixed Platforms.ActiveCfg = Release|Any CPU
		{814092CD-9CD0-4FB7-91E8-D147F476F1FB}.Release|Mixed Platforms.Build.0 = Release|Any CPU
		{814092CD-9CD0-4FB7-91E8-D147F476F1FB}.Release|x86.ActiveCfg = Release|Any CPU
		{814092CD-9CD0-4FB7-91E8-D147F476F1FB}.Test|Any CPU.ActiveCfg = Release|Any CPU
		{814092CD-9CD0-4FB7-91E8-D147F476F1FB}.Test|Any CPU.Build.0 = Release|Any CPU
		{814092CD-9CD0-4FB7-91E8-D147F476F1FB}.Test|Mixed Platforms.ActiveCfg = Release|Any CPU
		{814092CD-9CD0-4FB7-91E8-D147F476F1FB}.Test|Mixed Platforms.Build.0 = Release|Any CPU
		{814092CD-9CD0-4FB7-91E8-D147F476F1FB}.Test|x86.ActiveCfg = Release|Any CPU
		{1D815FBF-451C-4E23-939C-CB80172F445C}.Debug|Any CPU.ActiveCfg = Debug|Any CPU
		{1D815FBF-451C-4E23-939C-CB80172F445C}.Debug|Any CPU.Build.0 = Debug|Any CPU
		{1D815FBF-451C-4E23-939C-CB80172F445C}.Debug|Mixed Platforms.ActiveCfg = Debug|Any CPU
		{1D815FBF-451C-4E23-939C-CB80172F445C}.Debug|Mixed Platforms.Build.0 = Debug|Any CPU
		{1D815FBF-451C-4E23-939C-CB80172F445C}.Debug|x86.ActiveCfg = Debug|Any CPU
		{1D815FBF-451C-4E23-939C-CB80172F445C}.Release|Any CPU.ActiveCfg = Release|Any CPU
		{1D815FBF-451C-4E23-939C-CB80172F445C}.Release|Any CPU.Build.0 = Release|Any CPU
		{1D815FBF-451C-4E23-939C-CB80172F445C}.Release|Mixed Platforms.ActiveCfg = Release|Any CPU
		{1D815FBF-451C-4E23-939C-CB80172F445C}.Release|Mixed Platforms.Build.0 = Release|Any CPU
		{1D815FBF-451C-4E23-939C-CB80172F445C}.Release|x86.ActiveCfg = Release|Any CPU
		{1D815FBF-451C-4E23-939C-CB80172F445C}.Test|Any CPU.ActiveCfg = Test|Any CPU
		{1D815FBF-451C-4E23-939C-CB80172F445C}.Test|Any CPU.Build.0 = Test|Any CPU
		{1D815FBF-451C-4E23-939C-CB80172F445C}.Test|Mixed Platforms.ActiveCfg = Test|Any CPU
		{1D815FBF-451C-4E23-939C-CB80172F445C}.Test|Mixed Platforms.Build.0 = Test|Any CPU
		{1D815FBF-451C-4E23-939C-CB80172F445C}.Test|x86.ActiveCfg = Test|Any CPU
		{566C4265-E839-4583-963D-E0CDBEF291F3}.Debug|Any CPU.ActiveCfg = Debug|Any CPU
		{566C4265-E839-4583-963D-E0CDBEF291F3}.Debug|Any CPU.Build.0 = Debug|Any CPU
		{566C4265-E839-4583-963D-E0CDBEF291F3}.Debug|Mixed Platforms.ActiveCfg = Debug|Any CPU
		{566C4265-E839-4583-963D-E0CDBEF291F3}.Debug|Mixed Platforms.Build.0 = Debug|Any CPU
		{566C4265-E839-4583-963D-E0CDBEF291F3}.Debug|x86.ActiveCfg = Debug|Any CPU
		{566C4265-E839-4583-963D-E0CDBEF291F3}.Release|Any CPU.ActiveCfg = Release|Any CPU
		{566C4265-E839-4583-963D-E0CDBEF291F3}.Release|Any CPU.Build.0 = Release|Any CPU
		{566C4265-E839-4583-963D-E0CDBEF291F3}.Release|Mixed Platforms.ActiveCfg = Release|Any CPU
		{566C4265-E839-4583-963D-E0CDBEF291F3}.Release|Mixed Platforms.Build.0 = Release|Any CPU
		{566C4265-E839-4583-963D-E0CDBEF291F3}.Release|x86.ActiveCfg = Release|Any CPU
		{566C4265-E839-4583-963D-E0CDBEF291F3}.Test|Any CPU.ActiveCfg = Release|Any CPU
		{566C4265-E839-4583-963D-E0CDBEF291F3}.Test|Any CPU.Build.0 = Release|Any CPU
		{566C4265-E839-4583-963D-E0CDBEF291F3}.Test|Mixed Platforms.ActiveCfg = Release|Any CPU
		{566C4265-E839-4583-963D-E0CDBEF291F3}.Test|Mixed Platforms.Build.0 = Release|Any CPU
		{566C4265-E839-4583-963D-E0CDBEF291F3}.Test|x86.ActiveCfg = Release|Any CPU
		{B66F41DE-4D58-4609-87B2-A5C27FA8C9D5}.Debug|Any CPU.ActiveCfg = Debug|Any CPU
		{B66F41DE-4D58-4609-87B2-A5C27FA8C9D5}.Debug|Any CPU.Build.0 = Debug|Any CPU
		{B66F41DE-4D58-4609-87B2-A5C27FA8C9D5}.Debug|Mixed Platforms.ActiveCfg = Debug|Any CPU
		{B66F41DE-4D58-4609-87B2-A5C27FA8C9D5}.Debug|Mixed Platforms.Build.0 = Debug|Any CPU
		{B66F41DE-4D58-4609-87B2-A5C27FA8C9D5}.Debug|x86.ActiveCfg = Debug|Any CPU
		{B66F41DE-4D58-4609-87B2-A5C27FA8C9D5}.Release|Any CPU.ActiveCfg = Release|Any CPU
		{B66F41DE-4D58-4609-87B2-A5C27FA8C9D5}.Release|Any CPU.Build.0 = Release|Any CPU
		{B66F41DE-4D58-4609-87B2-A5C27FA8C9D5}.Release|Mixed Platforms.ActiveCfg = Release|Any CPU
		{B66F41DE-4D58-4609-87B2-A5C27FA8C9D5}.Release|Mixed Platforms.Build.0 = Release|Any CPU
		{B66F41DE-4D58-4609-87B2-A5C27FA8C9D5}.Release|x86.ActiveCfg = Release|Any CPU
		{B66F41DE-4D58-4609-87B2-A5C27FA8C9D5}.Test|Any CPU.ActiveCfg = Release|Any CPU
		{B66F41DE-4D58-4609-87B2-A5C27FA8C9D5}.Test|Any CPU.Build.0 = Release|Any CPU
		{B66F41DE-4D58-4609-87B2-A5C27FA8C9D5}.Test|Mixed Platforms.ActiveCfg = Release|Any CPU
		{B66F41DE-4D58-4609-87B2-A5C27FA8C9D5}.Test|Mixed Platforms.Build.0 = Release|Any CPU
		{B66F41DE-4D58-4609-87B2-A5C27FA8C9D5}.Test|x86.ActiveCfg = Release|Any CPU
		{42D710E0-D779-41A0-A8D1-70BE32D7CA55}.Debug|Any CPU.ActiveCfg = Debug|Any CPU
		{42D710E0-D779-41A0-A8D1-70BE32D7CA55}.Debug|Any CPU.Build.0 = Debug|Any CPU
		{42D710E0-D779-41A0-A8D1-70BE32D7CA55}.Debug|Mixed Platforms.ActiveCfg = Debug|Any CPU
		{42D710E0-D779-41A0-A8D1-70BE32D7CA55}.Debug|Mixed Platforms.Build.0 = Debug|Any CPU
		{42D710E0-D779-41A0-A8D1-70BE32D7CA55}.Debug|x86.ActiveCfg = Debug|Any CPU
		{42D710E0-D779-41A0-A8D1-70BE32D7CA55}.Release|Any CPU.ActiveCfg = Release|Any CPU
		{42D710E0-D779-41A0-A8D1-70BE32D7CA55}.Release|Any CPU.Build.0 = Release|Any CPU
		{42D710E0-D779-41A0-A8D1-70BE32D7CA55}.Release|Mixed Platforms.ActiveCfg = Release|Any CPU
		{42D710E0-D779-41A0-A8D1-70BE32D7CA55}.Release|Mixed Platforms.Build.0 = Release|Any CPU
		{42D710E0-D779-41A0-A8D1-70BE32D7CA55}.Release|x86.ActiveCfg = Release|Any CPU
		{42D710E0-D779-41A0-A8D1-70BE32D7CA55}.Test|Any CPU.ActiveCfg = Release|Any CPU
		{42D710E0-D779-41A0-A8D1-70BE32D7CA55}.Test|Any CPU.Build.0 = Release|Any CPU
		{42D710E0-D779-41A0-A8D1-70BE32D7CA55}.Test|Mixed Platforms.ActiveCfg = Release|Any CPU
		{42D710E0-D779-41A0-A8D1-70BE32D7CA55}.Test|Mixed Platforms.Build.0 = Release|Any CPU
		{42D710E0-D779-41A0-A8D1-70BE32D7CA55}.Test|x86.ActiveCfg = Release|Any CPU
		{3C7844F0-ABCA-46B1-98E9-7383F0745AA4}.Debug|Any CPU.ActiveCfg = Debug|Any CPU
		{3C7844F0-ABCA-46B1-98E9-7383F0745AA4}.Debug|Any CPU.Build.0 = Debug|Any CPU
		{3C7844F0-ABCA-46B1-98E9-7383F0745AA4}.Debug|Mixed Platforms.ActiveCfg = Debug|Any CPU
		{3C7844F0-ABCA-46B1-98E9-7383F0745AA4}.Debug|Mixed Platforms.Build.0 = Debug|Any CPU
		{3C7844F0-ABCA-46B1-98E9-7383F0745AA4}.Debug|x86.ActiveCfg = Debug|Any CPU
		{3C7844F0-ABCA-46B1-98E9-7383F0745AA4}.Release|Any CPU.ActiveCfg = Release|Any CPU
		{3C7844F0-ABCA-46B1-98E9-7383F0745AA4}.Release|Any CPU.Build.0 = Release|Any CPU
		{3C7844F0-ABCA-46B1-98E9-7383F0745AA4}.Release|Mixed Platforms.ActiveCfg = Release|Any CPU
		{3C7844F0-ABCA-46B1-98E9-7383F0745AA4}.Release|Mixed Platforms.Build.0 = Release|Any CPU
		{3C7844F0-ABCA-46B1-98E9-7383F0745AA4}.Release|x86.ActiveCfg = Release|Any CPU
		{3C7844F0-ABCA-46B1-98E9-7383F0745AA4}.Test|Any CPU.ActiveCfg = Release|Any CPU
		{3C7844F0-ABCA-46B1-98E9-7383F0745AA4}.Test|Any CPU.Build.0 = Release|Any CPU
		{3C7844F0-ABCA-46B1-98E9-7383F0745AA4}.Test|Mixed Platforms.ActiveCfg = Release|Any CPU
		{3C7844F0-ABCA-46B1-98E9-7383F0745AA4}.Test|Mixed Platforms.Build.0 = Release|Any CPU
		{3C7844F0-ABCA-46B1-98E9-7383F0745AA4}.Test|x86.ActiveCfg = Release|Any CPU
		{EE8630BC-6191-4C40-9061-12C76342562D}.Debug|Any CPU.ActiveCfg = Debug|Any CPU
		{EE8630BC-6191-4C40-9061-12C76342562D}.Debug|Any CPU.Build.0 = Debug|Any CPU
		{EE8630BC-6191-4C40-9061-12C76342562D}.Debug|Mixed Platforms.ActiveCfg = Debug|Any CPU
		{EE8630BC-6191-4C40-9061-12C76342562D}.Debug|Mixed Platforms.Build.0 = Debug|Any CPU
		{EE8630BC-6191-4C40-9061-12C76342562D}.Debug|x86.ActiveCfg = Debug|Any CPU
		{EE8630BC-6191-4C40-9061-12C76342562D}.Release|Any CPU.ActiveCfg = Release|Any CPU
		{EE8630BC-6191-4C40-9061-12C76342562D}.Release|Any CPU.Build.0 = Release|Any CPU
		{EE8630BC-6191-4C40-9061-12C76342562D}.Release|Mixed Platforms.ActiveCfg = Release|Any CPU
		{EE8630BC-6191-4C40-9061-12C76342562D}.Release|Mixed Platforms.Build.0 = Release|Any CPU
		{EE8630BC-6191-4C40-9061-12C76342562D}.Release|x86.ActiveCfg = Release|Any CPU
		{EE8630BC-6191-4C40-9061-12C76342562D}.Test|Any CPU.ActiveCfg = Release|Any CPU
		{EE8630BC-6191-4C40-9061-12C76342562D}.Test|Any CPU.Build.0 = Release|Any CPU
		{EE8630BC-6191-4C40-9061-12C76342562D}.Test|Mixed Platforms.ActiveCfg = Release|Any CPU
		{EE8630BC-6191-4C40-9061-12C76342562D}.Test|Mixed Platforms.Build.0 = Release|Any CPU
		{EE8630BC-6191-4C40-9061-12C76342562D}.Test|x86.ActiveCfg = Release|Any CPU
		{BEC489C6-C89C-4507-86DA-699FBF4DF484}.Debug|Any CPU.ActiveCfg = Debug|Any CPU
		{BEC489C6-C89C-4507-86DA-699FBF4DF484}.Debug|Any CPU.Build.0 = Debug|Any CPU
		{BEC489C6-C89C-4507-86DA-699FBF4DF484}.Debug|Mixed Platforms.ActiveCfg = Debug|Any CPU
		{BEC489C6-C89C-4507-86DA-699FBF4DF484}.Debug|Mixed Platforms.Build.0 = Debug|Any CPU
		{BEC489C6-C89C-4507-86DA-699FBF4DF484}.Debug|x86.ActiveCfg = Debug|Any CPU
		{BEC489C6-C89C-4507-86DA-699FBF4DF484}.Release|Any CPU.ActiveCfg = Release|Any CPU
		{BEC489C6-C89C-4507-86DA-699FBF4DF484}.Release|Any CPU.Build.0 = Release|Any CPU
		{BEC489C6-C89C-4507-86DA-699FBF4DF484}.Release|Mixed Platforms.ActiveCfg = Release|Any CPU
		{BEC489C6-C89C-4507-86DA-699FBF4DF484}.Release|Mixed Platforms.Build.0 = Release|Any CPU
		{BEC489C6-C89C-4507-86DA-699FBF4DF484}.Release|x86.ActiveCfg = Release|Any CPU
		{BEC489C6-C89C-4507-86DA-699FBF4DF484}.Test|Any CPU.ActiveCfg = Release|Any CPU
		{BEC489C6-C89C-4507-86DA-699FBF4DF484}.Test|Any CPU.Build.0 = Release|Any CPU
		{BEC489C6-C89C-4507-86DA-699FBF4DF484}.Test|Mixed Platforms.ActiveCfg = Release|Any CPU
		{BEC489C6-C89C-4507-86DA-699FBF4DF484}.Test|Mixed Platforms.Build.0 = Release|Any CPU
		{BEC489C6-C89C-4507-86DA-699FBF4DF484}.Test|x86.ActiveCfg = Release|Any CPU
	EndGlobalSection
	GlobalSection(SolutionProperties) = preSolution
		HideSolutionNode = FALSE
	EndGlobalSection
	GlobalSection(NestedProjects) = preSolution
		{822F8B67-DFAA-47D1-9939-FC95014925A4} = {36168D41-4A19-45AE-B4E1-D87AD9B73878}
		{5774C7B1-0327-45F8-8D06-B80680AA80B9} = {36168D41-4A19-45AE-B4E1-D87AD9B73878}
		{4F19C14A-5D4D-447C-862E-B4B9608DBE8F} = {1AB00198-A150-4AED-967A-2882B5320D08}
		{B2B29C1D-D397-49D0-A4A7-E9D6B785D6E6} = {1AB00198-A150-4AED-967A-2882B5320D08}
		{E2AC205B-59F3-4AE5-9827-2C07A483A327} = {5051DC94-5D46-4CBA-AC86-0E0C39D963B2}
		{7999354B-90F9-40EB-8CC5-2E1758A200DF} = {1AB00198-A150-4AED-967A-2882B5320D08}
		{EC8BB43B-4F2B-4E79-9BE7-5521D4A86F62} = {1AB00198-A150-4AED-967A-2882B5320D08}
		{95B2F83E-886D-43B2-A250-DBD783C4762B} = {36168D41-4A19-45AE-B4E1-D87AD9B73878}
		{8C4886CE-0A10-468E-99B9-792B22266150} = {5051DC94-5D46-4CBA-AC86-0E0C39D963B2}
		{AF0AF732-A583-48F7-A64A-0EB1FA31E5F8} = {5051DC94-5D46-4CBA-AC86-0E0C39D963B2}
		{814092CD-9CD0-4FB7-91E8-D147F476F1FB} = {1AB00198-A150-4AED-967A-2882B5320D08}
		{1D815FBF-451C-4E23-939C-CB80172F445C} = {1AB00198-A150-4AED-967A-2882B5320D08}
		{566C4265-E839-4583-963D-E0CDBEF291F3} = {1AB00198-A150-4AED-967A-2882B5320D08}
		{B66F41DE-4D58-4609-87B2-A5C27FA8C9D5} = {1AB00198-A150-4AED-967A-2882B5320D08}
		{42D710E0-D779-41A0-A8D1-70BE32D7CA55} = {1AB00198-A150-4AED-967A-2882B5320D08}
		{3C7844F0-ABCA-46B1-98E9-7383F0745AA4} = {5051DC94-5D46-4CBA-AC86-0E0C39D963B2}
		{EE8630BC-6191-4C40-9061-12C76342562D} = {1AB00198-A150-4AED-967A-2882B5320D08}
		{BEC489C6-C89C-4507-86DA-699FBF4DF484} = {5051DC94-5D46-4CBA-AC86-0E0C39D963B2}
	EndGlobalSection
EndGlobal
